
Microsoft Visual Studio Solution File, Format Version 12.00
# Visual Studio Version 17
VisualStudioVersion = 17.14.36429.23
MinimumVisualStudioVersion = 10.0.40219.1
Project("{FAE04EC0-301F-11D3-BF4B-00C04F79EFBC}") = "ExpenseTracker", "ExpenseTracker\ExpenseTracker.csproj", "{55412703-6DFF-4B3C-B0D3-54881C06AC05}"
EndProject
Global
	GlobalSection(SolutionConfigurationPlatforms) = preSolution
		Debug|Any CPU = Debug|Any CPU
		Release|Any CPU = Release|Any CPU
	EndGlobalSection
	GlobalSection(ProjectConfigurationPlatforms) = postSolution
		{55412703-6DFF-4B3C-B0D3-54881C06AC05}.Debug|Any CPU.ActiveCfg = Debug|Any CPU
		{55412703-6DFF-4B3C-B0D3-54881C06AC05}.Debug|Any CPU.Build.0 = Debug|Any CPU
		{55412703-6DFF-4B3C-B0D3-54881C06AC05}.Debug|Any CPU.Deploy.0 = Debug|Any CPU
		{55412703-6DFF-4B3C-B0D3-54881C06AC05}.Release|Any CPU.ActiveCfg = Release|Any CPU
		{55412703-6DFF-4B3C-B0D3-54881C06AC05}.Release|Any CPU.Build.0 = Release|Any CPU
	EndGlobalSection
	GlobalSection(SolutionProperties) = preSolution
		HideSolutionNode = FALSE
	EndGlobalSection
	GlobalSection(ExtensibilityGlobals) = postSolution
		SolutionGuid = {9E44DD7B-34CF-4055-970B-7E9E380FD29F}
	EndGlobalSection
EndGlobal
